
Microsoft Visual Studio Solution File, Format Version 12.00
# Visual Studio Version 17
VisualStudioVersion = 17.1.32421.90
MinimumVisualStudioVersion = 10.0.40219.1
Project("{9A19103F-16F7-4668-BE54-9A1E7A4F7556}") = "ThreadMessaging", "src\ThreadMessaging.csproj", "{9252A153-01F3-46D6-B1B3-657F9AC05AC1}"
EndProject
Project("{9A19103F-16F7-4668-BE54-9A1E7A4F7556}") = "test", "test\test.csproj", "{1B966A9D-6499-4DA0-9629-234DD72DBA8F}"
EndProject
Project("{FAE04EC0-301F-11D3-BF4B-00C04F79EFBC}") = "BlazorChat", "BlazorChat\BlazorChat.csproj", "{ACACA1C0-8464-4E15-8973-D956EC2F4C30}"
EndProject
Global
	GlobalSection(SolutionConfigurationPlatforms) = preSolution
		Debug|Any CPU = Debug|Any CPU
		Release|Any CPU = Release|Any CPU
	EndGlobalSection
	GlobalSection(ProjectConfigurationPlatforms) = postSolution
		{9252A153-01F3-46D6-B1B3-657F9AC05AC1}.Debug|Any CPU.ActiveCfg = Debug|Any CPU
		{9252A153-01F3-46D6-B1B3-657F9AC05AC1}.Debug|Any CPU.Build.0 = Debug|Any CPU
		{9252A153-01F3-46D6-B1B3-657F9AC05AC1}.Release|Any CPU.ActiveCfg = Release|Any CPU
		{9252A153-01F3-46D6-B1B3-657F9AC05AC1}.Release|Any CPU.Build.0 = Release|Any CPU
		{1B966A9D-6499-4DA0-9629-234DD72DBA8F}.Debug|Any CPU.ActiveCfg = Debug|Any CPU
		{1B966A9D-6499-4DA0-9629-234DD72DBA8F}.Debug|Any CPU.Build.0 = Debug|Any CPU
		{1B966A9D-6499-4DA0-9629-234DD72DBA8F}.Release|Any CPU.ActiveCfg = Release|Any CPU
		{1B966A9D-6499-4DA0-9629-234DD72DBA8F}.Release|Any CPU.Build.0 = Release|Any CPU
		{ACACA1C0-8464-4E15-8973-D956EC2F4C30}.Debug|Any CPU.ActiveCfg = Debug|Any CPU
		{ACACA1C0-8464-4E15-8973-D956EC2F4C30}.Debug|Any CPU.Build.0 = Debug|Any CPU
		{ACACA1C0-8464-4E15-8973-D956EC2F4C30}.Release|Any CPU.ActiveCfg = Release|Any CPU
		{ACACA1C0-8464-4E15-8973-D956EC2F4C30}.Release|Any CPU.Build.0 = Release|Any CPU
	EndGlobalSection
	GlobalSection(SolutionProperties) = preSolution
		HideSolutionNode = FALSE
	EndGlobalSection
	GlobalSection(ExtensibilityGlobals) = postSolution
		SolutionGuid = {ACE59E6E-ABD4-4712-82CD-60F74C49ABA8}
	EndGlobalSection
EndGlobal
